{
  "name": "wam-examples",
  "version": "1.0.0",
  "lockfileVersion": 2,
  "requires": true,
  "packages": {
    "": {
      "name": "wam-examples",
      "version": "1.0.0",
      "license": "ISC",
      "dependencies": {
        "burns-audio-wam": "^0.2.28"
      }
    },
    "node_modules/burns-audio-wam": {
      "version": "0.2.28",
      "resolved": "https://registry.npmjs.org/burns-audio-wam/-/burns-audio-wam-0.2.28.tgz",
      "integrity": "sha512-diwIXleen3tCgNFO0aqQuog8HX7Y9MgUhVpnH/j5wCUPPPexh24Q72CKi3NrH89O7JQY5aPILveGa3v2uuxC6Q=="
    }
  },
  "dependencies": {
    "burns-audio-wam": {
      "version": "0.2.28",
      "resolved": "https://registry.npmjs.org/burns-audio-wam/-/burns-audio-wam-0.2.28.tgz",
      "integrity": "sha512-diwIXleen3tCgNFO0aqQuog8HX7Y9MgUhVpnH/j5wCUPPPexh24Q72CKi3NrH89O7JQY5aPILveGa3v2uuxC6Q=="
    }
  }
}
