{
  "name": "wam-examples",
  "version": "1.0.0",
  "lockfileVersion": 2,
  "requires": true,
  "packages": {
    "": {
      "name": "wam-examples",
      "version": "1.0.0",
      "license": "ISC",
      "dependencies": {
        "burns-audio-wam": "^0.2.30"
      }
    },
    "node_modules/burns-audio-wam": {
      "version": "0.2.30",
      "resolved": "https://registry.npmjs.org/burns-audio-wam/-/burns-audio-wam-0.2.30.tgz",
      "integrity": "sha512-ZoAsgHp/K1D5FtkgG7K6t/JwISypUOpjD/8mmkTyUi5zt//TM/wpQw0PNP1/RFeLTVW6+FXOf40aU/qsZ3flrg=="
    }
  },
  "dependencies": {
    "burns-audio-wam": {
      "version": "0.2.30",
      "resolved": "https://registry.npmjs.org/burns-audio-wam/-/burns-audio-wam-0.2.30.tgz",
      "integrity": "sha512-ZoAsgHp/K1D5FtkgG7K6t/JwISypUOpjD/8mmkTyUi5zt//TM/wpQw0PNP1/RFeLTVW6+FXOf40aU/qsZ3flrg=="
    }
  }
}
